
Microsoft Visual Studio Solution File, Format Version 11.00
# Visual Studio 2010
Project("{8BC9CEB8-8B4A-11D0-8D11-00A0C91BC942}") = "enums_and_switches", "enums_and_switches\enums_and_switches.vcxproj", "{D3A889CA-7D0D-403B-9CCB-E4617157FD5C}"
EndProject
Global
	GlobalSection(SolutionConfigurationPlatforms) = preSolution
		Debug|Win32 = Debug|Win32
		Release|Win32 = Release|Win32
	EndGlobalSection
	GlobalSection(ProjectConfigurationPlatforms) = postSolution
		{D3A889CA-7D0D-403B-9CCB-E4617157FD5C}.Debug|Win32.ActiveCfg = Debug|Win32
		{D3A889CA-7D0D-403B-9CCB-E4617157FD5C}.Debug|Win32.Build.0 = Debug|Win32
		{D3A889CA-7D0D-403B-9CCB-E4617157FD5C}.Release|Win32.ActiveCfg = Release|Win32
		{D3A889CA-7D0D-403B-9CCB-E4617157FD5C}.Release|Win32.Build.0 = Release|Win32
	EndGlobalSection
	GlobalSection(SolutionProperties) = preSolution
		HideSolutionNode = FALSE
	EndGlobalSection
EndGlobal
