
Microsoft Visual Studio Solution File, Format Version 11.00
# Visual Studio 2010
Project("{8BC9CEB8-8B4A-11D0-8D11-00A0C91BC942}") = "classes", "classes\classes.vcxproj", "{FD04B33F-898C-40A6-AEE3-1462C57BEA23}"
EndProject
Global
	GlobalSection(SolutionConfigurationPlatforms) = preSolution
		Debug|Win32 = Debug|Win32
		Release|Win32 = Release|Win32
	EndGlobalSection
	GlobalSection(ProjectConfigurationPlatforms) = postSolution
		{FD04B33F-898C-40A6-AEE3-1462C57BEA23}.Debug|Win32.ActiveCfg = Debug|Win32
		{FD04B33F-898C-40A6-AEE3-1462C57BEA23}.Debug|Win32.Build.0 = Debug|Win32
		{FD04B33F-898C-40A6-AEE3-1462C57BEA23}.Release|Win32.ActiveCfg = Release|Win32
		{FD04B33F-898C-40A6-AEE3-1462C57BEA23}.Release|Win32.Build.0 = Release|Win32
	EndGlobalSection
	GlobalSection(SolutionProperties) = preSolution
		HideSolutionNode = FALSE
	EndGlobalSection
EndGlobal
